<?xml version="1.0" encoding="UTF-8" standalone="yes" ?>
<CodeBlocks_project_file>
	<FileVersion major="1" minor="6" />
	<Project>
		<Option title="QtWorkbench" />
		<Option pch_mode="0" />
		<Option compiler="gcc" />
		<Build>
			<Target title="default">
				<Option output="..\..\..\devel\share\CodeBlocks\plugins\qtworkbench.dll" prefix_auto="0" extension_auto="0" />
				<Option working_dir="..\..\..\devel" />
				<Option object_output="..\..\..\.objs\2.6\plugins\contrib\qtworkbench" />
				<Option deps_output="..\..\..\.deps\2.6\plugins\contrib\QtWorkbench" />
				<Option type="3" />
				<Option compiler="gcc" />
				<Option host_application="..\..\..\devel\codeblocks.exe" />
				<Option projectCompilerOptionsRelation="0" />
			</Target>
			<Environment>
				<Variable name="WX_SUFFIX" value="u" />
				<Variable name="WX_CFG" value="" />
			</Environment>
		</Build>
		<VirtualTargets>
			<Add alias="All" targets="default;" />
		</VirtualTargets>
		<Compiler>
			<Add option="-Wall" />
			<Add option="-g" />
			<Add option="-Winvalid-pch" />
			<Add option="-mthreads" />
			<Add option="-fexceptions" />
			<Add option='-include &quot;sdk.h&quot;' />
			<Add option="-DBUILDING_PLUGIN" />
			<Add option="-DCB_PRECOMP" />
			<Add option="-DWX_PRECOMP" />
			<Add option="-DHAVE_W32API_H" />
			<Add option="-D__WXMSW__" />
			<Add option="-DWXUSINGDLL" />
			<Add option="-DcbDEBUG" />
			<Add option="-DTIXML_USE_STL" />
			<Add option="-DwxUSE_UNICODE" />
			<Add directory="$(#CB)\sdk" />
			<Add directory="$(#CB.INCLUDE)" />
			<Add directory="$(#CB)\sdk\tinyxml" />
			<Add directory="$(#CB)\sdk\wxscintilla\include" />
			<Add directory="$(#CB.INCLUDE)\wxscintilla\include" />
			<Add directory="$(#WX.INCLUDE)" />
			<Add directory="$(#WX)\contrib\include" />
			<Add directory="$(#WX.lib)\gcc_dll$(WX_CFG)\msw$(WX_SUFFIX)" />
		</Compiler>
		<ResourceCompiler>
			<Add directory="$(#WX.include)" />
		</ResourceCompiler>
		<Linker>
			<Add library="libcodeblocks.a" />
			<Add library="wxmsw26$(WX_SUFFIX)" />
			<Add directory="$(#CB)\devel" />
			<Add directory="$(#CB.LIB)" />
			<Add directory="$(#CB)\sdk\tinyxml" />
			<Add directory="$(#CB)\sdk\wxscintilla\include" />
			<Add directory="$(#WX.lib)\gcc_dll$(WX_CFG)" />
			<Add directory="$(#WX.lib)\gcc_dll$(WX_CFG)\msw$(WX_SUFFIX)" />
		</Linker>
		<ExtraCommands>
			<Add after="zip -j9 ..\..\..\devel\share\codeblocks\qtworkbench.zip res\*.xrc" />
			<Add after="zip -j9 ..\..\..\devel\share\codeblocks\qtworkbench.zip res\*.xml" />
			<Mode after="always" />
		</ExtraCommands>
		<Unit filename="res\manifest.xml" />
		<Unit filename="res\qtworkbench_menu.xrc" />
		<Unit filename="res\qtwprojectoptions.xrc" />
		<Unit filename="src\qtworkbench.cpp" />
		<Unit filename="src\qtworkbench.h" />
		<Unit filename="src\qtwprogenerator.cpp" />
		<Unit filename="src\qtwprogenerator.h" />
		<Unit filename="src\qtwprojectoptions.cpp" />
		<Unit filename="src\qtwprojectoptions.h" />
		<Extensions>
			<code_completion />
		</Extensions>
	</Project>
</CodeBlocks_project_file>
